
Microsoft Visual Studio Solution File, Format Version 12.00
# Visual Studio Version 16
VisualStudioVersion = 16.0.32510.428
MinimumVisualStudioVersion = 10.0.40219.1
Project("{FAE04EC0-301F-11D3-BF4B-00C04F79EFBC}") = "CoinMarketCap", "CoinMarketCap\CoinMarketCap.csproj", "{99EA98BD-CE6B-4CC3-AA09-ABFB2921E4BD}"
EndProject
Global
	GlobalSection(SolutionConfigurationPlatforms) = preSolution
		Debug|Any CPU = Debug|Any CPU
		Release|Any CPU = Release|Any CPU
	EndGlobalSection
	GlobalSection(ProjectConfigurationPlatforms) = postSolution
		{99EA98BD-CE6B-4CC3-AA09-ABFB2921E4BD}.Debug|Any CPU.ActiveCfg = Debug|Any CPU
		{99EA98BD-CE6B-4CC3-AA09-ABFB2921E4BD}.Debug|Any CPU.Build.0 = Debug|Any CPU
		{99EA98BD-CE6B-4CC3-AA09-ABFB2921E4BD}.Release|Any CPU.ActiveCfg = Release|Any CPU
		{99EA98BD-CE6B-4CC3-AA09-ABFB2921E4BD}.Release|Any CPU.Build.0 = Release|Any CPU
	EndGlobalSection
	GlobalSection(SolutionProperties) = preSolution
		HideSolutionNode = FALSE
	EndGlobalSection
	GlobalSection(ExtensibilityGlobals) = postSolution
		SolutionGuid = {18EA4D89-9091-46EA-BE3E-09DE5C9EC2D2}
	EndGlobalSection
EndGlobal
